
Microsoft Visual Studio Solution File, Format Version 12.00
# Visual Studio 2013
VisualStudioVersion = 12.0.40629.0
MinimumVisualStudioVersion = 10.0.40219.1
Project("{FAE04EC0-301F-11D3-BF4B-00C04F79EFBC}") = "ChemCloud.AOPProxy", "ChemCloud.AOPProxy\ChemCloud.AOPProxy.csproj", "{875A5349-DC48-4451-A471-2EA821DF1B18}"
EndProject
Project("{FAE04EC0-301F-11D3-BF4B-00C04F79EFBC}") = "ChemCloud.Core", "ChemCloud.Core\ChemCloud.Core.csproj", "{5007C583-F3C7-4323-A7AD-0B6BBAA1B3CF}"
EndProject
Project("{FAE04EC0-301F-11D3-BF4B-00C04F79EFBC}") = "ChemCloud.Entity", "ChemCloud.Entity\ChemCloud.Entity.csproj", "{7558ABE6-AA42-41C5-8126-0FFFA73C2A54}"
EndProject
Project("{FAE04EC0-301F-11D3-BF4B-00C04F79EFBC}") = "ChemCloud.IServices", "ChemCloud.IServices\ChemCloud.IServices.csproj", "{31825B09-0897-47E3-8D3C-48E9CA13291B}"
EndProject
Project("{FAE04EC0-301F-11D3-BF4B-00C04F79EFBC}") = "ChemCloud.Model", "ChemCloud.Model\ChemCloud.Model.csproj", "{493BAD11-A977-4516-9297-F5FD28C4F5E4}"
EndProject
Project("{FAE04EC0-301F-11D3-BF4B-00C04F79EFBC}") = "ChemCloud.Service", "ChemCloud.Service\ChemCloud.Service.csproj", "{772D636B-85A0-4AAE-9CB4-01392870881D}"
EndProject
Project("{FAE04EC0-301F-11D3-BF4B-00C04F79EFBC}") = "ChemCloud.ServiceProvider", "ChemCloud.ServiceProvider\ChemCloud.ServiceProvider.csproj", "{C07A22CA-FED8-4DDA-AFFA-AF2134B04577}"
EndProject
Project("{FAE04EC0-301F-11D3-BF4B-00C04F79EFBC}") = "ChemCloud.Web.Framework", "ChemCloud.Web.Framework\ChemCloud.Web.Framework.csproj", "{5D77987D-AAEE-49C9-9429-AD1B7B5B7B9B}"
EndProject
Project("{FAE04EC0-301F-11D3-BF4B-00C04F79EFBC}") = "ChemCloud.Weixin.MP", "ChemCloud.Weixin.MP\ChemCloud.Weixin.MP.csproj", "{0E0ACC82-1AA0-405F-86B2-35C4A0BBF341}"
EndProject
Project("{2150E333-8FDC-42A3-9474-1A3956D46DE8}") = "Core", "Core", "{19045FCF-8BC8-460F-8D0C-5622B8423A45}"
EndProject
Project("{2150E333-8FDC-42A3-9474-1A3956D46DE8}") = "Plugins", "Plugins", "{77864AC7-0485-48E7-A924-1655EE8B6A56}"
EndProject
Project("{2150E333-8FDC-42A3-9474-1A3956D46DE8}") = "Service", "Service", "{7027FB15-E259-4866-94BE-C7DA48875A80}"
EndProject
Project("{2150E333-8FDC-42A3-9474-1A3956D46DE8}") = "Payment", "Payment", "{8D4BAE28-8417-4BDD-9811-D72FEEE4048F}"
EndProject
Project("{FAE04EC0-301F-11D3-BF4B-00C04F79EFBC}") = "ChemCloud.PaymentPlugin", "ChemCloud.PaymentPlugin\ChemCloud.PaymentPlugin.csproj", "{59D01100-D6A1-4947-94EB-CD39D5DEF684}"
EndProject
Project("{FAE04EC0-301F-11D3-BF4B-00C04F79EFBC}") = "ChemCloud.Plugin.Payment.Alipay", "ChemCloud.Plugin.Payment.Alipay\ChemCloud.Plugin.Payment.Alipay.csproj", "{DBE33E2A-AE6E-473E-ACB1-90A2C9482363}"
EndProject
Project("{FAE04EC0-301F-11D3-BF4B-00C04F79EFBC}") = "ChemCloud.Plugin.Payment.Alipay_QRCode", "ChemCloud.Plugin.Payment.Alipay_QRCode\ChemCloud.Plugin.Payment.Alipay_QRCode.csproj", "{C37AB78E-F390-4235-BBC1-9B59B42F8549}"
EndProject
Project("{FAE04EC0-301F-11D3-BF4B-00C04F79EFBC}") = "ChemCloud.Plugin.Payment.UnionPay", "ChemCloud.Plugin.Payment.UnionPay\ChemCloud.Plugin.Payment.UnionPay.csproj", "{02DB72DE-F769-4E6E-ACFE-9431608E9756}"
EndProject
Project("{FAE04EC0-301F-11D3-BF4B-00C04F79EFBC}") = "ChemCloud.Plugin.Payment.WeiXinPay", "ChemCloud.Plugin.Payment.WeiXinPay\ChemCloud.Plugin.Payment.WeiXinPay.csproj", "{B3530481-2D82-44B5-B2BB-AF738AE7CCAA}"
EndProject
Project("{FAE04EC0-301F-11D3-BF4B-00C04F79EFBC}") = "ChemCloud.Plugin.Payment.WeiXinPay_Native", "ChemCloud.Plugin.Payment.WeiXinPay_Native\ChemCloud.Plugin.Payment.WeiXinPay_Native.csproj", "{9F34E254-23D2-4A4E-906F-B157B87163D8}"
EndProject
Project("{FAE04EC0-301F-11D3-BF4B-00C04F79EFBC}") = "ChemCloud.WeixinPaymentBase", "ChemCloud.WeixinPaymentBase\ChemCloud.WeixinPaymentBase.csproj", "{C296E319-DC11-4A29-B9F1-75899049FC3F}"
EndProject
Project("{2150E333-8FDC-42A3-9474-1A3956D46DE8}") = "Cache", "Cache", "{15277511-6B31-44A8-A71A-3803A42B0047}"
EndProject
Project("{FAE04EC0-301F-11D3-BF4B-00C04F79EFBC}") = "ChemCloud.Strategy.AspNetCache", "ChemCloud.Strategy.AspNetCache\ChemCloud.Strategy.AspNetCache.csproj", "{7A71091D-67A3-4F73-838C-DA965B30BDA0}"
EndProject
Project("{FAE04EC0-301F-11D3-BF4B-00C04F79EFBC}") = "ChemCloud.Strategy.Memecached", "ChemCloud.Strategy.Memecached\ChemCloud.Strategy.Memecached.csproj", "{AE64BDFA-04B8-47E1-9C5C-254AFBEB3C87}"
EndProject
Project("{2150E333-8FDC-42A3-9474-1A3956D46DE8}") = "Express", "Express", "{3B248321-8855-466C-98F8-FEAE62989127}"
EndProject
Project("{FAE04EC0-301F-11D3-BF4B-00C04F79EFBC}") = "ChemCloud.ExpressPlugin", "ChemCloud.ExpressPlugin\ChemCloud.ExpressPlugin.csproj", "{98D02BDF-7A4B-4564-AC66-D842C676F2C2}"
EndProject
Project("{FAE04EC0-301F-11D3-BF4B-00C04F79EFBC}") = "ChemCloud.Plugin.Express.EMS", "ChemCloud.Plugin.Express.EMS\ChemCloud.Plugin.Express.EMS.csproj", "{C5F5C8C7-2613-411F-8119-59079E42D21C}"
EndProject
Project("{FAE04EC0-301F-11D3-BF4B-00C04F79EFBC}") = "ChemCloud.Plugin.Express.Shentong", "ChemCloud.Plugin.Express.Shentong\ChemCloud.Plugin.Express.Shentong.csproj", "{8142CEAA-6E4D-4616-91F0-3C7775F9341D}"
EndProject
Project("{FAE04EC0-301F-11D3-BF4B-00C04F79EFBC}") = "ChemCloud.Plugin.Express.Tiantian", "ChemCloud.Plugin.Express.Tiantian\ChemCloud.Plugin.Express.Tiantian.csproj", "{00E4CE47-0BE0-4E12-BC47-BFF0DE658940}"
EndProject
Project("{FAE04EC0-301F-11D3-BF4B-00C04F79EFBC}") = "ChemCloud.Plugin.Express.Yuantong", "ChemCloud.Plugin.Express.Yuantong\ChemCloud.Plugin.Express.Yuantong.csproj", "{D4B6F5A1-5301-440F-8539-EEEF9807EF25}"
EndProject
Project("{FAE04EC0-301F-11D3-BF4B-00C04F79EFBC}") = "ChemCloud.Plugin.Express.Yunda", "ChemCloud.Plugin.Express.Yunda\ChemCloud.Plugin.Express.Yunda.csproj", "{C91A6058-D719-4A8F-B988-91D76CE980BA}"
EndProject
Project("{FAE04EC0-301F-11D3-BF4B-00C04F79EFBC}") = "ChemCloud.Plugin.Express.Zhaijisong", "ChemCloud.Plugin.Express.Zhaijisong\ChemCloud.Plugin.Express.Zhaijisong.csproj", "{C9000963-C433-45FC-8418-FC3AB49DE417}"
EndProject
Project("{FAE04EC0-301F-11D3-BF4B-00C04F79EFBC}") = "ChemCloud.Plugin.Express.Zhongtong", "ChemCloud.Plugin.Express.Zhongtong\ChemCloud.Plugin.Express.Zhongtong.csproj", "{3615AB04-5B82-47E8-9260-BB1C0C5C0D06}"
EndProject
Project("{FAE04EC0-301F-11D3-BF4B-00C04F79EFBC}") = "ChemCloud.Plugin.Express.Zhongyouwuliu", "ChemCloud.Plugin.Express.Zhongyouwuliu\ChemCloud.Plugin.Express.Zhongyouwuliu.csproj", "{9FE4AFB6-F445-4510-85A7-3D7E07A7F2B6}"
EndProject
Project("{2150E333-8FDC-42A3-9474-1A3956D46DE8}") = "Oauth", "Oauth", "{FEECBE16-CD51-410F-A4E5-355C54B8C190}"
EndProject
Project("{FAE04EC0-301F-11D3-BF4B-00C04F79EFBC}") = "ChemCloud.Plugin.OAuth.QQ", "ChemCloud.Plugin.OAuth.QQ\ChemCloud.Plugin.OAuth.QQ.csproj", "{61EFA66F-7FA2-4E5B-941C-4CFB562874AE}"
EndProject
Project("{FAE04EC0-301F-11D3-BF4B-00C04F79EFBC}") = "ChemCloud.Plugin.OAuth.Weibo", "ChemCloud.Plugin.OAuth.Weibo\ChemCloud.Plugin.OAuth.Weibo.csproj", "{4738297A-67B8-48EE-9E1D-F0FB86AAC7D5}"
EndProject
Project("{FAE04EC0-301F-11D3-BF4B-00C04F79EFBC}") = "ChemCloud.Plugin.OAuth.WeiXin", "ChemCloud.Plugin.OAuth.WeiXin\ChemCloud.Plugin.OAuth.WeiXin.csproj", "{F92F36C4-E7D4-4DE4-B6D3-88EE906A4668}"
EndProject
Project("{2150E333-8FDC-42A3-9474-1A3956D46DE8}") = "Message", "Message", "{C3363842-A77B-4320-B8ED-6F3AEF85C460}"
EndProject
Project("{FAE04EC0-301F-11D3-BF4B-00C04F79EFBC}") = "ChemCloud.MessagePlugin", "ChemCloud.MessagePlugin\ChemCloud.MessagePlugin.csproj", "{5D6B6F87-894D-4E8D-A760-FECBC2F65EF8}"
EndProject
Project("{FAE04EC0-301F-11D3-BF4B-00C04F79EFBC}") = "ChemCloud.Plugin.Message.Email", "ChemCloud.Plugin.Message.Email\ChemCloud.Plugin.Message.Email.csproj", "{6C094566-A80E-4A00-94BD-2137FF3345C4}"
EndProject
Project("{FAE04EC0-301F-11D3-BF4B-00C04F79EFBC}") = "ChemCloud.Plugin.Message.SMS", "ChemCloud.Plugin.Message.SMS\ChemCloud.Plugin.Message.SMS.csproj", "{0AD38215-BA32-4BE0-B03A-627FE85085C6}"
EndProject
Project("{2150E333-8FDC-42A3-9474-1A3956D46DE8}") = "Data", "Data", "{25D9E18C-F7AD-488E-A328-C0A39D4B0590}"
EndProject
Project("{FAE04EC0-301F-11D3-BF4B-00C04F79EFBC}") = "ChemCloud.Email", "ChemCloud.Email\ChemCloud.Email.csproj", "{4B91CA36-37F6-4ECA-A597-A15E5AC6B753}"
EndProject
Project("{FAE04EC0-301F-11D3-BF4B-00C04F79EFBC}") = "ChemCloud.AliPay", "ChemCloud.AliPay\ChemCloud.AliPay.csproj", "{4E4BBB2C-9DFD-4BEF-86AC-87EFCDC55990}"
EndProject
Project("{2150E333-8FDC-42A3-9474-1A3956D46DE8}") = "Shipping", "Shipping", "{0E197DA1-7987-4A02-90D1-675E4BFAFE59}"
EndProject
Project("{FAE04EC0-301F-11D3-BF4B-00C04F79EFBC}") = "ChemColud.Shipping", "ChemColud.Shipping\ChemColud.Shipping.csproj", "{03F3FC36-1E54-4192-BAD9-1BD2236CF3F9}"
EndProject
Project("{FAE04EC0-301F-11D3-BF4B-00C04F79EFBC}") = "ChemCloud.DBUtility", "ChemCloud.DBUtility\ChemCloud.DBUtility.csproj", "{33B8AE27-A821-410A-904E-28D971A4505E}"
EndProject
Project("{FAE04EC0-301F-11D3-BF4B-00C04F79EFBC}") = "MyChemCloudCSharp", "MyChemCloudCSharp\MyChemCloudCSharp.csproj", "{7EA4E135-1721-4CFE-8DF2-266B0726A865}"
EndProject
Project("{FAE04EC0-301F-11D3-BF4B-00C04F79EFBC}") = "WxPayAPI", "WxPayAPI\WxPayAPI.csproj", "{6556BD7A-99B7-405B-905E-C08C0E8A2163}"
EndProject
Project("{FAE04EC0-301F-11D3-BF4B-00C04F79EFBC}") = "ChemCloud.Plugin.Express.Shunfeng", "ChemCloud.Plugin.Express.Shunfeng\ChemCloud.Plugin.Express.Shunfeng.csproj", "{BC5A48CD-81D3-48AE-AE44-780201CA8586}"
EndProject
Project("{FAE04EC0-301F-11D3-BF4B-00C04F79EFBC}") = "ChemCloud.Web", "ChemCloud.Web\ChemCloud.Web.csproj", "{0F9DF399-43B7-4BF5-8FA8-BB2EB8372D73}"
EndProject
Global
	GlobalSection(SolutionConfigurationPlatforms) = preSolution
		Debug|Any CPU = Debug|Any CPU
		Release|Any CPU = Release|Any CPU
	EndGlobalSection
	GlobalSection(ProjectConfigurationPlatforms) = postSolution
		{875A5349-DC48-4451-A471-2EA821DF1B18}.Debug|Any CPU.ActiveCfg = Debug|Any CPU
		{875A5349-DC48-4451-A471-2EA821DF1B18}.Debug|Any CPU.Build.0 = Debug|Any CPU
		{875A5349-DC48-4451-A471-2EA821DF1B18}.Release|Any CPU.ActiveCfg = Release|Any CPU
		{875A5349-DC48-4451-A471-2EA821DF1B18}.Release|Any CPU.Build.0 = Release|Any CPU
		{5007C583-F3C7-4323-A7AD-0B6BBAA1B3CF}.Debug|Any CPU.ActiveCfg = Debug|Any CPU
		{5007C583-F3C7-4323-A7AD-0B6BBAA1B3CF}.Debug|Any CPU.Build.0 = Debug|Any CPU
		{5007C583-F3C7-4323-A7AD-0B6BBAA1B3CF}.Release|Any CPU.ActiveCfg = Release|Any CPU
		{5007C583-F3C7-4323-A7AD-0B6BBAA1B3CF}.Release|Any CPU.Build.0 = Release|Any CPU
		{7558ABE6-AA42-41C5-8126-0FFFA73C2A54}.Debug|Any CPU.ActiveCfg = Debug|Any CPU
		{7558ABE6-AA42-41C5-8126-0FFFA73C2A54}.Debug|Any CPU.Build.0 = Debug|Any CPU
		{7558ABE6-AA42-41C5-8126-0FFFA73C2A54}.Release|Any CPU.ActiveCfg = Release|Any CPU
		{7558ABE6-AA42-41C5-8126-0FFFA73C2A54}.Release|Any CPU.Build.0 = Release|Any CPU
		{31825B09-0897-47E3-8D3C-48E9CA13291B}.Debug|Any CPU.ActiveCfg = Debug|Any CPU
		{31825B09-0897-47E3-8D3C-48E9CA13291B}.Debug|Any CPU.Build.0 = Debug|Any CPU
		{31825B09-0897-47E3-8D3C-48E9CA13291B}.Release|Any CPU.ActiveCfg = Release|Any CPU
		{31825B09-0897-47E3-8D3C-48E9CA13291B}.Release|Any CPU.Build.0 = Release|Any CPU
		{493BAD11-A977-4516-9297-F5FD28C4F5E4}.Debug|Any CPU.ActiveCfg = Debug|Any CPU
		{493BAD11-A977-4516-9297-F5FD28C4F5E4}.Debug|Any CPU.Build.0 = Debug|Any CPU
		{493BAD11-A977-4516-9297-F5FD28C4F5E4}.Release|Any CPU.ActiveCfg = Release|Any CPU
		{493BAD11-A977-4516-9297-F5FD28C4F5E4}.Release|Any CPU.Build.0 = Release|Any CPU
		{772D636B-85A0-4AAE-9CB4-01392870881D}.Debug|Any CPU.ActiveCfg = Debug|Any CPU
		{772D636B-85A0-4AAE-9CB4-01392870881D}.Debug|Any CPU.Build.0 = Debug|Any CPU
		{772D636B-85A0-4AAE-9CB4-01392870881D}.Release|Any CPU.ActiveCfg = Release|Any CPU
		{772D636B-85A0-4AAE-9CB4-01392870881D}.Release|Any CPU.Build.0 = Release|Any CPU
		{C07A22CA-FED8-4DDA-AFFA-AF2134B04577}.Debug|Any CPU.ActiveCfg = Debug|Any CPU
		{C07A22CA-FED8-4DDA-AFFA-AF2134B04577}.Debug|Any CPU.Build.0 = Debug|Any CPU
		{C07A22CA-FED8-4DDA-AFFA-AF2134B04577}.Release|Any CPU.ActiveCfg = Release|Any CPU
		{C07A22CA-FED8-4DDA-AFFA-AF2134B04577}.Release|Any CPU.Build.0 = Release|Any CPU
		{5D77987D-AAEE-49C9-9429-AD1B7B5B7B9B}.Debug|Any CPU.ActiveCfg = Debug|Any CPU
		{5D77987D-AAEE-49C9-9429-AD1B7B5B7B9B}.Debug|Any CPU.Build.0 = Debug|Any CPU
		{5D77987D-AAEE-49C9-9429-AD1B7B5B7B9B}.Release|Any CPU.ActiveCfg = Release|Any CPU
		{5D77987D-AAEE-49C9-9429-AD1B7B5B7B9B}.Release|Any CPU.Build.0 = Release|Any CPU
		{0E0ACC82-1AA0-405F-86B2-35C4A0BBF341}.Debug|Any CPU.ActiveCfg = Debug|Any CPU
		{0E0ACC82-1AA0-405F-86B2-35C4A0BBF341}.Debug|Any CPU.Build.0 = Debug|Any CPU
		{0E0ACC82-1AA0-405F-86B2-35C4A0BBF341}.Release|Any CPU.ActiveCfg = Release|Any CPU
		{0E0ACC82-1AA0-405F-86B2-35C4A0BBF341}.Release|Any CPU.Build.0 = Release|Any CPU
		{59D01100-D6A1-4947-94EB-CD39D5DEF684}.Debug|Any CPU.ActiveCfg = Debug|Any CPU
		{59D01100-D6A1-4947-94EB-CD39D5DEF684}.Debug|Any CPU.Build.0 = Debug|Any CPU
		{59D01100-D6A1-4947-94EB-CD39D5DEF684}.Release|Any CPU.ActiveCfg = Release|Any CPU
		{59D01100-D6A1-4947-94EB-CD39D5DEF684}.Release|Any CPU.Build.0 = Release|Any CPU
		{DBE33E2A-AE6E-473E-ACB1-90A2C9482363}.Debug|Any CPU.ActiveCfg = Debug|Any CPU
		{DBE33E2A-AE6E-473E-ACB1-90A2C9482363}.Debug|Any CPU.Build.0 = Debug|Any CPU
		{DBE33E2A-AE6E-473E-ACB1-90A2C9482363}.Release|Any CPU.ActiveCfg = Release|Any CPU
		{DBE33E2A-AE6E-473E-ACB1-90A2C9482363}.Release|Any CPU.Build.0 = Release|Any CPU
		{C37AB78E-F390-4235-BBC1-9B59B42F8549}.Debug|Any CPU.ActiveCfg = Debug|Any CPU
		{C37AB78E-F390-4235-BBC1-9B59B42F8549}.Debug|Any CPU.Build.0 = Debug|Any CPU
		{C37AB78E-F390-4235-BBC1-9B59B42F8549}.Release|Any CPU.ActiveCfg = Release|Any CPU
		{C37AB78E-F390-4235-BBC1-9B59B42F8549}.Release|Any CPU.Build.0 = Release|Any CPU
		{02DB72DE-F769-4E6E-ACFE-9431608E9756}.Debug|Any CPU.ActiveCfg = Debug|Any CPU
		{02DB72DE-F769-4E6E-ACFE-9431608E9756}.Debug|Any CPU.Build.0 = Debug|Any CPU
		{02DB72DE-F769-4E6E-ACFE-9431608E9756}.Release|Any CPU.ActiveCfg = Release|Any CPU
		{02DB72DE-F769-4E6E-ACFE-9431608E9756}.Release|Any CPU.Build.0 = Release|Any CPU
		{B3530481-2D82-44B5-B2BB-AF738AE7CCAA}.Debug|Any CPU.ActiveCfg = Debug|Any CPU
		{B3530481-2D82-44B5-B2BB-AF738AE7CCAA}.Debug|Any CPU.Build.0 = Debug|Any CPU
		{B3530481-2D82-44B5-B2BB-AF738AE7CCAA}.Release|Any CPU.ActiveCfg = Release|Any CPU
		{B3530481-2D82-44B5-B2BB-AF738AE7CCAA}.Release|Any CPU.Build.0 = Release|Any CPU
		{9F34E254-23D2-4A4E-906F-B157B87163D8}.Debug|Any CPU.ActiveCfg = Debug|Any CPU
		{9F34E254-23D2-4A4E-906F-B157B87163D8}.Debug|Any CPU.Build.0 = Debug|Any CPU
		{9F34E254-23D2-4A4E-906F-B157B87163D8}.Release|Any CPU.ActiveCfg = Release|Any CPU
		{9F34E254-23D2-4A4E-906F-B157B87163D8}.Release|Any CPU.Build.0 = Release|Any CPU
		{C296E319-DC11-4A29-B9F1-75899049FC3F}.Debug|Any CPU.ActiveCfg = Debug|Any CPU
		{C296E319-DC11-4A29-B9F1-75899049FC3F}.Debug|Any CPU.Build.0 = Debug|Any CPU
		{C296E319-DC11-4A29-B9F1-75899049FC3F}.Release|Any CPU.ActiveCfg = Release|Any CPU
		{C296E319-DC11-4A29-B9F1-75899049FC3F}.Release|Any CPU.Build.0 = Release|Any CPU
		{7A71091D-67A3-4F73-838C-DA965B30BDA0}.Debug|Any CPU.ActiveCfg = Debug|Any CPU
		{7A71091D-67A3-4F73-838C-DA965B30BDA0}.Debug|Any CPU.Build.0 = Debug|Any CPU
		{7A71091D-67A3-4F73-838C-DA965B30BDA0}.Release|Any CPU.ActiveCfg = Release|Any CPU
		{7A71091D-67A3-4F73-838C-DA965B30BDA0}.Release|Any CPU.Build.0 = Release|Any CPU
		{AE64BDFA-04B8-47E1-9C5C-254AFBEB3C87}.Debug|Any CPU.ActiveCfg = Debug|Any CPU
		{AE64BDFA-04B8-47E1-9C5C-254AFBEB3C87}.Debug|Any CPU.Build.0 = Debug|Any CPU
		{AE64BDFA-04B8-47E1-9C5C-254AFBEB3C87}.Release|Any CPU.ActiveCfg = Release|Any CPU
		{AE64BDFA-04B8-47E1-9C5C-254AFBEB3C87}.Release|Any CPU.Build.0 = Release|Any CPU
		{98D02BDF-7A4B-4564-AC66-D842C676F2C2}.Debug|Any CPU.ActiveCfg = Debug|Any CPU
		{98D02BDF-7A4B-4564-AC66-D842C676F2C2}.Debug|Any CPU.Build.0 = Debug|Any CPU
		{98D02BDF-7A4B-4564-AC66-D842C676F2C2}.Release|Any CPU.ActiveCfg = Release|Any CPU
		{98D02BDF-7A4B-4564-AC66-D842C676F2C2}.Release|Any CPU.Build.0 = Release|Any CPU
		{C5F5C8C7-2613-411F-8119-59079E42D21C}.Debug|Any CPU.ActiveCfg = Debug|Any CPU
		{C5F5C8C7-2613-411F-8119-59079E42D21C}.Debug|Any CPU.Build.0 = Debug|Any CPU
		{C5F5C8C7-2613-411F-8119-59079E42D21C}.Release|Any CPU.ActiveCfg = Release|Any CPU
		{C5F5C8C7-2613-411F-8119-59079E42D21C}.Release|Any CPU.Build.0 = Release|Any CPU
		{8142CEAA-6E4D-4616-91F0-3C7775F9341D}.Debug|Any CPU.ActiveCfg = Debug|Any CPU
		{8142CEAA-6E4D-4616-91F0-3C7775F9341D}.Debug|Any CPU.Build.0 = Debug|Any CPU
		{8142CEAA-6E4D-4616-91F0-3C7775F9341D}.Release|Any CPU.ActiveCfg = Release|Any CPU
		{8142CEAA-6E4D-4616-91F0-3C7775F9341D}.Release|Any CPU.Build.0 = Release|Any CPU
		{00E4CE47-0BE0-4E12-BC47-BFF0DE658940}.Debug|Any CPU.ActiveCfg = Debug|Any CPU
		{00E4CE47-0BE0-4E12-BC47-BFF0DE658940}.Debug|Any CPU.Build.0 = Debug|Any CPU
		{00E4CE47-0BE0-4E12-BC47-BFF0DE658940}.Release|Any CPU.ActiveCfg = Release|Any CPU
		{00E4CE47-0BE0-4E12-BC47-BFF0DE658940}.Release|Any CPU.Build.0 = Release|Any CPU
		{D4B6F5A1-5301-440F-8539-EEEF9807EF25}.Debug|Any CPU.ActiveCfg = Debug|Any CPU
		{D4B6F5A1-5301-440F-8539-EEEF9807EF25}.Debug|Any CPU.Build.0 = Debug|Any CPU
		{D4B6F5A1-5301-440F-8539-EEEF9807EF25}.Release|Any CPU.ActiveCfg = Release|Any CPU
		{D4B6F5A1-5301-440F-8539-EEEF9807EF25}.Release|Any CPU.Build.0 = Release|Any CPU
		{C91A6058-D719-4A8F-B988-91D76CE980BA}.Debug|Any CPU.ActiveCfg = Debug|Any CPU
		{C91A6058-D719-4A8F-B988-91D76CE980BA}.Debug|Any CPU.Build.0 = Debug|Any CPU
		{C91A6058-D719-4A8F-B988-91D76CE980BA}.Release|Any CPU.ActiveCfg = Release|Any CPU
		{C91A6058-D719-4A8F-B988-91D76CE980BA}.Release|Any CPU.Build.0 = Release|Any CPU
		{C9000963-C433-45FC-8418-FC3AB49DE417}.Debug|Any CPU.ActiveCfg = Debug|Any CPU
		{C9000963-C433-45FC-8418-FC3AB49DE417}.Debug|Any CPU.Build.0 = Debug|Any CPU
		{C9000963-C433-45FC-8418-FC3AB49DE417}.Release|Any CPU.ActiveCfg = Release|Any CPU
		{C9000963-C433-45FC-8418-FC3AB49DE417}.Release|Any CPU.Build.0 = Release|Any CPU
		{3615AB04-5B82-47E8-9260-BB1C0C5C0D06}.Debug|Any CPU.ActiveCfg = Debug|Any CPU
		{3615AB04-5B82-47E8-9260-BB1C0C5C0D06}.Debug|Any CPU.Build.0 = Debug|Any CPU
		{3615AB04-5B82-47E8-9260-BB1C0C5C0D06}.Release|Any CPU.ActiveCfg = Release|Any CPU
		{3615AB04-5B82-47E8-9260-BB1C0C5C0D06}.Release|Any CPU.Build.0 = Release|Any CPU
		{9FE4AFB6-F445-4510-85A7-3D7E07A7F2B6}.Debug|Any CPU.ActiveCfg = Debug|Any CPU
		{9FE4AFB6-F445-4510-85A7-3D7E07A7F2B6}.Debug|Any CPU.Build.0 = Debug|Any CPU
		{9FE4AFB6-F445-4510-85A7-3D7E07A7F2B6}.Release|Any CPU.ActiveCfg = Release|Any CPU
		{9FE4AFB6-F445-4510-85A7-3D7E07A7F2B6}.Release|Any CPU.Build.0 = Release|Any CPU
		{61EFA66F-7FA2-4E5B-941C-4CFB562874AE}.Debug|Any CPU.ActiveCfg = Debug|Any CPU
		{61EFA66F-7FA2-4E5B-941C-4CFB562874AE}.Debug|Any CPU.Build.0 = Debug|Any CPU
		{61EFA66F-7FA2-4E5B-941C-4CFB562874AE}.Release|Any CPU.ActiveCfg = Release|Any CPU
		{61EFA66F-7FA2-4E5B-941C-4CFB562874AE}.Release|Any CPU.Build.0 = Release|Any CPU
		{4738297A-67B8-48EE-9E1D-F0FB86AAC7D5}.Debug|Any CPU.ActiveCfg = Debug|Any CPU
		{4738297A-67B8-48EE-9E1D-F0FB86AAC7D5}.Debug|Any CPU.Build.0 = Debug|Any CPU
		{4738297A-67B8-48EE-9E1D-F0FB86AAC7D5}.Release|Any CPU.ActiveCfg = Release|Any CPU
		{4738297A-67B8-48EE-9E1D-F0FB86AAC7D5}.Release|Any CPU.Build.0 = Release|Any CPU
		{F92F36C4-E7D4-4DE4-B6D3-88EE906A4668}.Debug|Any CPU.ActiveCfg = Debug|Any CPU
		{F92F36C4-E7D4-4DE4-B6D3-88EE906A4668}.Debug|Any CPU.Build.0 = Debug|Any CPU
		{F92F36C4-E7D4-4DE4-B6D3-88EE906A4668}.Release|Any CPU.ActiveCfg = Release|Any CPU
		{F92F36C4-E7D4-4DE4-B6D3-88EE906A4668}.Release|Any CPU.Build.0 = Release|Any CPU
		{5D6B6F87-894D-4E8D-A760-FECBC2F65EF8}.Debug|Any CPU.ActiveCfg = Debug|Any CPU
		{5D6B6F87-894D-4E8D-A760-FECBC2F65EF8}.Debug|Any CPU.Build.0 = Debug|Any CPU
		{5D6B6F87-894D-4E8D-A760-FECBC2F65EF8}.Release|Any CPU.ActiveCfg = Release|Any CPU
		{5D6B6F87-894D-4E8D-A760-FECBC2F65EF8}.Release|Any CPU.Build.0 = Release|Any CPU
		{6C094566-A80E-4A00-94BD-2137FF3345C4}.Debug|Any CPU.ActiveCfg = Debug|Any CPU
		{6C094566-A80E-4A00-94BD-2137FF3345C4}.Debug|Any CPU.Build.0 = Debug|Any CPU
		{6C094566-A80E-4A00-94BD-2137FF3345C4}.Release|Any CPU.ActiveCfg = Release|Any CPU
		{6C094566-A80E-4A00-94BD-2137FF3345C4}.Release|Any CPU.Build.0 = Release|Any CPU
		{0AD38215-BA32-4BE0-B03A-627FE85085C6}.Debug|Any CPU.ActiveCfg = Debug|Any CPU
		{0AD38215-BA32-4BE0-B03A-627FE85085C6}.Debug|Any CPU.Build.0 = Debug|Any CPU
		{0AD38215-BA32-4BE0-B03A-627FE85085C6}.Release|Any CPU.ActiveCfg = Release|Any CPU
		{0AD38215-BA32-4BE0-B03A-627FE85085C6}.Release|Any CPU.Build.0 = Release|Any CPU
		{4B91CA36-37F6-4ECA-A597-A15E5AC6B753}.Debug|Any CPU.ActiveCfg = Debug|Any CPU
		{4B91CA36-37F6-4ECA-A597-A15E5AC6B753}.Debug|Any CPU.Build.0 = Debug|Any CPU
		{4B91CA36-37F6-4ECA-A597-A15E5AC6B753}.Release|Any CPU.ActiveCfg = Release|Any CPU
		{4B91CA36-37F6-4ECA-A597-A15E5AC6B753}.Release|Any CPU.Build.0 = Release|Any CPU
		{4E4BBB2C-9DFD-4BEF-86AC-87EFCDC55990}.Debug|Any CPU.ActiveCfg = Debug|Any CPU
		{4E4BBB2C-9DFD-4BEF-86AC-87EFCDC55990}.Debug|Any CPU.Build.0 = Debug|Any CPU
		{4E4BBB2C-9DFD-4BEF-86AC-87EFCDC55990}.Release|Any CPU.ActiveCfg = Release|Any CPU
		{4E4BBB2C-9DFD-4BEF-86AC-87EFCDC55990}.Release|Any CPU.Build.0 = Release|Any CPU
		{03F3FC36-1E54-4192-BAD9-1BD2236CF3F9}.Debug|Any CPU.ActiveCfg = Debug|Any CPU
		{03F3FC36-1E54-4192-BAD9-1BD2236CF3F9}.Debug|Any CPU.Build.0 = Debug|Any CPU
		{03F3FC36-1E54-4192-BAD9-1BD2236CF3F9}.Release|Any CPU.ActiveCfg = Release|Any CPU
		{03F3FC36-1E54-4192-BAD9-1BD2236CF3F9}.Release|Any CPU.Build.0 = Release|Any CPU
		{33B8AE27-A821-410A-904E-28D971A4505E}.Debug|Any CPU.ActiveCfg = Debug|Any CPU
		{33B8AE27-A821-410A-904E-28D971A4505E}.Debug|Any CPU.Build.0 = Debug|Any CPU
		{33B8AE27-A821-410A-904E-28D971A4505E}.Release|Any CPU.ActiveCfg = Release|Any CPU
		{33B8AE27-A821-410A-904E-28D971A4505E}.Release|Any CPU.Build.0 = Release|Any CPU
		{7EA4E135-1721-4CFE-8DF2-266B0726A865}.Debug|Any CPU.ActiveCfg = Debug|Any CPU
		{7EA4E135-1721-4CFE-8DF2-266B0726A865}.Debug|Any CPU.Build.0 = Debug|Any CPU
		{7EA4E135-1721-4CFE-8DF2-266B0726A865}.Release|Any CPU.ActiveCfg = Release|Any CPU
		{7EA4E135-1721-4CFE-8DF2-266B0726A865}.Release|Any CPU.Build.0 = Release|Any CPU
		{6556BD7A-99B7-405B-905E-C08C0E8A2163}.Debug|Any CPU.ActiveCfg = Debug|Any CPU
		{6556BD7A-99B7-405B-905E-C08C0E8A2163}.Debug|Any CPU.Build.0 = Debug|Any CPU
		{6556BD7A-99B7-405B-905E-C08C0E8A2163}.Release|Any CPU.ActiveCfg = Release|Any CPU
		{6556BD7A-99B7-405B-905E-C08C0E8A2163}.Release|Any CPU.Build.0 = Release|Any CPU
		{BC5A48CD-81D3-48AE-AE44-780201CA8586}.Debug|Any CPU.ActiveCfg = Debug|Any CPU
		{BC5A48CD-81D3-48AE-AE44-780201CA8586}.Debug|Any CPU.Build.0 = Debug|Any CPU
		{BC5A48CD-81D3-48AE-AE44-780201CA8586}.Release|Any CPU.ActiveCfg = Release|Any CPU
		{BC5A48CD-81D3-48AE-AE44-780201CA8586}.Release|Any CPU.Build.0 = Release|Any CPU
		{0F9DF399-43B7-4BF5-8FA8-BB2EB8372D73}.Debug|Any CPU.ActiveCfg = Debug|Any CPU
		{0F9DF399-43B7-4BF5-8FA8-BB2EB8372D73}.Debug|Any CPU.Build.0 = Debug|Any CPU
		{0F9DF399-43B7-4BF5-8FA8-BB2EB8372D73}.Release|Any CPU.ActiveCfg = Release|Any CPU
		{0F9DF399-43B7-4BF5-8FA8-BB2EB8372D73}.Release|Any CPU.Build.0 = Release|Any CPU
	EndGlobalSection
	GlobalSection(SolutionProperties) = preSolution
		HideSolutionNode = FALSE
	EndGlobalSection
	GlobalSection(NestedProjects) = preSolution
		{875A5349-DC48-4451-A471-2EA821DF1B18} = {19045FCF-8BC8-460F-8D0C-5622B8423A45}
		{5007C583-F3C7-4323-A7AD-0B6BBAA1B3CF} = {19045FCF-8BC8-460F-8D0C-5622B8423A45}
		{7558ABE6-AA42-41C5-8126-0FFFA73C2A54} = {25D9E18C-F7AD-488E-A328-C0A39D4B0590}
		{31825B09-0897-47E3-8D3C-48E9CA13291B} = {7027FB15-E259-4866-94BE-C7DA48875A80}
		{493BAD11-A977-4516-9297-F5FD28C4F5E4} = {25D9E18C-F7AD-488E-A328-C0A39D4B0590}
		{772D636B-85A0-4AAE-9CB4-01392870881D} = {7027FB15-E259-4866-94BE-C7DA48875A80}
		{C07A22CA-FED8-4DDA-AFFA-AF2134B04577} = {19045FCF-8BC8-460F-8D0C-5622B8423A45}
		{0E0ACC82-1AA0-405F-86B2-35C4A0BBF341} = {19045FCF-8BC8-460F-8D0C-5622B8423A45}
		{8D4BAE28-8417-4BDD-9811-D72FEEE4048F} = {77864AC7-0485-48E7-A924-1655EE8B6A56}
		{59D01100-D6A1-4947-94EB-CD39D5DEF684} = {8D4BAE28-8417-4BDD-9811-D72FEEE4048F}
		{DBE33E2A-AE6E-473E-ACB1-90A2C9482363} = {8D4BAE28-8417-4BDD-9811-D72FEEE4048F}
		{C37AB78E-F390-4235-BBC1-9B59B42F8549} = {8D4BAE28-8417-4BDD-9811-D72FEEE4048F}
		{02DB72DE-F769-4E6E-ACFE-9431608E9756} = {8D4BAE28-8417-4BDD-9811-D72FEEE4048F}
		{B3530481-2D82-44B5-B2BB-AF738AE7CCAA} = {8D4BAE28-8417-4BDD-9811-D72FEEE4048F}
		{9F34E254-23D2-4A4E-906F-B157B87163D8} = {8D4BAE28-8417-4BDD-9811-D72FEEE4048F}
		{C296E319-DC11-4A29-B9F1-75899049FC3F} = {8D4BAE28-8417-4BDD-9811-D72FEEE4048F}
		{15277511-6B31-44A8-A71A-3803A42B0047} = {77864AC7-0485-48E7-A924-1655EE8B6A56}
		{7A71091D-67A3-4F73-838C-DA965B30BDA0} = {15277511-6B31-44A8-A71A-3803A42B0047}
		{AE64BDFA-04B8-47E1-9C5C-254AFBEB3C87} = {15277511-6B31-44A8-A71A-3803A42B0047}
		{3B248321-8855-466C-98F8-FEAE62989127} = {77864AC7-0485-48E7-A924-1655EE8B6A56}
		{98D02BDF-7A4B-4564-AC66-D842C676F2C2} = {3B248321-8855-466C-98F8-FEAE62989127}
		{C5F5C8C7-2613-411F-8119-59079E42D21C} = {3B248321-8855-466C-98F8-FEAE62989127}
		{8142CEAA-6E4D-4616-91F0-3C7775F9341D} = {3B248321-8855-466C-98F8-FEAE62989127}
		{00E4CE47-0BE0-4E12-BC47-BFF0DE658940} = {3B248321-8855-466C-98F8-FEAE62989127}
		{D4B6F5A1-5301-440F-8539-EEEF9807EF25} = {3B248321-8855-466C-98F8-FEAE62989127}
		{C91A6058-D719-4A8F-B988-91D76CE980BA} = {3B248321-8855-466C-98F8-FEAE62989127}
		{C9000963-C433-45FC-8418-FC3AB49DE417} = {3B248321-8855-466C-98F8-FEAE62989127}
		{3615AB04-5B82-47E8-9260-BB1C0C5C0D06} = {3B248321-8855-466C-98F8-FEAE62989127}
		{9FE4AFB6-F445-4510-85A7-3D7E07A7F2B6} = {3B248321-8855-466C-98F8-FEAE62989127}
		{FEECBE16-CD51-410F-A4E5-355C54B8C190} = {77864AC7-0485-48E7-A924-1655EE8B6A56}
		{61EFA66F-7FA2-4E5B-941C-4CFB562874AE} = {FEECBE16-CD51-410F-A4E5-355C54B8C190}
		{4738297A-67B8-48EE-9E1D-F0FB86AAC7D5} = {FEECBE16-CD51-410F-A4E5-355C54B8C190}
		{F92F36C4-E7D4-4DE4-B6D3-88EE906A4668} = {FEECBE16-CD51-410F-A4E5-355C54B8C190}
		{C3363842-A77B-4320-B8ED-6F3AEF85C460} = {77864AC7-0485-48E7-A924-1655EE8B6A56}
		{5D6B6F87-894D-4E8D-A760-FECBC2F65EF8} = {C3363842-A77B-4320-B8ED-6F3AEF85C460}
		{6C094566-A80E-4A00-94BD-2137FF3345C4} = {C3363842-A77B-4320-B8ED-6F3AEF85C460}
		{0AD38215-BA32-4BE0-B03A-627FE85085C6} = {C3363842-A77B-4320-B8ED-6F3AEF85C460}
		{4B91CA36-37F6-4ECA-A597-A15E5AC6B753} = {C3363842-A77B-4320-B8ED-6F3AEF85C460}
		{4E4BBB2C-9DFD-4BEF-86AC-87EFCDC55990} = {19045FCF-8BC8-460F-8D0C-5622B8423A45}
		{0E197DA1-7987-4A02-90D1-675E4BFAFE59} = {77864AC7-0485-48E7-A924-1655EE8B6A56}
		{03F3FC36-1E54-4192-BAD9-1BD2236CF3F9} = {0E197DA1-7987-4A02-90D1-675E4BFAFE59}
		{33B8AE27-A821-410A-904E-28D971A4505E} = {25D9E18C-F7AD-488E-A328-C0A39D4B0590}
		{6556BD7A-99B7-405B-905E-C08C0E8A2163} = {19045FCF-8BC8-460F-8D0C-5622B8423A45}
		{BC5A48CD-81D3-48AE-AE44-780201CA8586} = {3B248321-8855-466C-98F8-FEAE62989127}
	EndGlobalSection
	GlobalSection(SubversionScc) = preSolution
		Svn-Managed = True
		Manager = AnkhSVN - Subversion Support for Visual Studio
	EndGlobalSection
EndGlobal
